
Microsoft Visual Studio Solution File, Format Version 12.00
# Visual Studio Version 16
VisualStudioVersion = 16.0.30225.117
MinimumVisualStudioVersion = 10.0.40219.1
Project("{9A19103F-16F7-4668-BE54-9A1E7A4F7556}") = "eShopSolution.webapp", "eShopSolution.webapp\eShopSolution.webapp.csproj", "{99541F3E-D9A0-4BDD-809E-D6E5DC2E3964}"
EndProject
Project("{2150E333-8FDC-42A3-9474-1A3956D46DE8}") = "Solution Items", "Solution Items", "{9CBB70A5-FC01-404B-8928-DE685D789C69}"
	ProjectSection(SolutionItems) = preProject
		README.md = README.md
	EndProjectSection
EndProject
Project("{FAE04EC0-301F-11D3-BF4B-00C04F79EFBC}") = "eShopSolution.Data", "eShopSolution.Data\eShopSolution.Data.csproj", "{9C789540-5505-4745-B2C7-F4F6FFCDBD5E}"
EndProject
Project("{FAE04EC0-301F-11D3-BF4B-00C04F79EFBC}") = "eShopSolution.Application", "eShopSolution.Application\eShopSolution.Application.csproj", "{57A992A0-4A94-463C-ACB3-C833EEA6264B}"
EndProject
Global
	GlobalSection(SolutionConfigurationPlatforms) = preSolution
		Debug|Any CPU = Debug|Any CPU
		Release|Any CPU = Release|Any CPU
	EndGlobalSection
	GlobalSection(ProjectConfigurationPlatforms) = postSolution
		{99541F3E-D9A0-4BDD-809E-D6E5DC2E3964}.Debug|Any CPU.ActiveCfg = Debug|Any CPU
		{99541F3E-D9A0-4BDD-809E-D6E5DC2E3964}.Debug|Any CPU.Build.0 = Debug|Any CPU
		{99541F3E-D9A0-4BDD-809E-D6E5DC2E3964}.Release|Any CPU.ActiveCfg = Release|Any CPU
		{99541F3E-D9A0-4BDD-809E-D6E5DC2E3964}.Release|Any CPU.Build.0 = Release|Any CPU
		{9C789540-5505-4745-B2C7-F4F6FFCDBD5E}.Debug|Any CPU.ActiveCfg = Debug|Any CPU
		{9C789540-5505-4745-B2C7-F4F6FFCDBD5E}.Debug|Any CPU.Build.0 = Debug|Any CPU
		{9C789540-5505-4745-B2C7-F4F6FFCDBD5E}.Release|Any CPU.ActiveCfg = Release|Any CPU
		{9C789540-5505-4745-B2C7-F4F6FFCDBD5E}.Release|Any CPU.Build.0 = Release|Any CPU
		{57A992A0-4A94-463C-ACB3-C833EEA6264B}.Debug|Any CPU.ActiveCfg = Debug|Any CPU
		{57A992A0-4A94-463C-ACB3-C833EEA6264B}.Debug|Any CPU.Build.0 = Debug|Any CPU
		{57A992A0-4A94-463C-ACB3-C833EEA6264B}.Release|Any CPU.ActiveCfg = Release|Any CPU
		{57A992A0-4A94-463C-ACB3-C833EEA6264B}.Release|Any CPU.Build.0 = Release|Any CPU
	EndGlobalSection
	GlobalSection(SolutionProperties) = preSolution
		HideSolutionNode = FALSE
	EndGlobalSection
	GlobalSection(ExtensibilityGlobals) = postSolution
		SolutionGuid = {2162A186-55A7-4B5C-A674-33FF198F14EF}
	EndGlobalSection
EndGlobal
